  get_uptime_windows:
    action: core.winrm_ps_cmd
    input:
      host: "{{ ctx().ci_name }}"
      password: "{{ ctx().winrm_password }}"
      username: "{{ ctx().winrm_username }}"
      verify_ssl_cert: False
      port: 5985
      scheme: "https"
      timeout: 300
      cmd: >
        $OS = Get-WmiObject win32_operatingsystem;
        $BootTime = $OS.ConvertToDateTime($OS.LastBootUpTime);
        $CurrentTime = Get-Date;
        $Uptime = $CurrentTime - $BootTime;
        $ComputerName = $env:COMPUTERNAME;
        $LastUser = (Get-WmiObject Win32_ComputerSystem).UserName;
        $HTML = "<table border='1' cellpadding='4' cellspacing='0'>
          <tr><th>Server Name</th><td>$ComputerName</td></tr>
          <tr><th>Current Time</th><td>$CurrentTime</td></tr>
          <tr><th>Last Reboot Time</th><td>$BootTime</td></tr>
          <tr><th>Uptime</th><td>$($Uptime.Days) days $($Uptime.Hours):$($Uptime.Minutes) (HH:MM)</td></tr>
          <tr><th>Last Logged-on User</th><td>$LastUser</td></tr>
        </table>";
        Write-Output $HTML
    next:
      - when: "{{ succeeded() }}"
        publish:
          - end_timestamp: "{{ task('get_uptime_windows').end_timestamp }}"
          - final_inc_notes: "Server {{ ctx().ci_name }} Uptime Details"
          - final_notes: |
              <details open>
                <summary>Server Uptime</summary>
                {{ result().stdout }}
              </details>
        do:
          - noop
